
Microsoft Visual Studio Solution File, Format Version 12.00
Project("{FAE04EC0-301F-11D3-BF4B-00C04F79EFBC}") = "FastImageEncoder", "FastImageEncoder\FastImageEncoder.csproj", "{F2907F84-9AC4-4BB2-AD00-72BB57B273B6}"
EndProject
Project("{FAE04EC0-301F-11D3-BF4B-00C04F79EFBC}") = "Benchmark", "Benchmark\Benchmark.csproj", "{EE6A02F1-C64A-4F83-BADA-360B5725A952}"
EndProject
Global
	GlobalSection(SolutionConfigurationPlatforms) = preSolution
		Debug|Any CPU = Debug|Any CPU
		Release|Any CPU = Release|Any CPU
	EndGlobalSection
	GlobalSection(ProjectConfigurationPlatforms) = postSolution
		{F2907F84-9AC4-4BB2-AD00-72BB57B273B6}.Debug|Any CPU.ActiveCfg = Debug|Any CPU
		{F2907F84-9AC4-4BB2-AD00-72BB57B273B6}.Debug|Any CPU.Build.0 = Debug|Any CPU
		{F2907F84-9AC4-4BB2-AD00-72BB57B273B6}.Release|Any CPU.ActiveCfg = Release|Any CPU
		{F2907F84-9AC4-4BB2-AD00-72BB57B273B6}.Release|Any CPU.Build.0 = Release|Any CPU
		{EE6A02F1-C64A-4F83-BADA-360B5725A952}.Debug|Any CPU.ActiveCfg = Debug|Any CPU
		{EE6A02F1-C64A-4F83-BADA-360B5725A952}.Debug|Any CPU.Build.0 = Debug|Any CPU
		{EE6A02F1-C64A-4F83-BADA-360B5725A952}.Release|Any CPU.ActiveCfg = Release|Any CPU
		{EE6A02F1-C64A-4F83-BADA-360B5725A952}.Release|Any CPU.Build.0 = Release|Any CPU
	EndGlobalSection
EndGlobal
